
Microsoft Visual Studio Solution File, Format Version 12.00
# Visual Studio Version 16
VisualStudioVersion = 16.0.31005.135
MinimumVisualStudioVersion = 10.0.40219.1
Project("{9A19103F-16F7-4668-BE54-9A1E7A4F7556}") = "NathanIanEcom", "NathanIanEcom\NathanIanEcom.csproj", "{DD5FA2D6-52F0-4EBB-B538-CB27A5DBB49B}"
EndProject
Project("{9092AA53-FB77-4645-B42D-1CCCA6BD08BD}") = "NathanIanEcomFront", "NathanIanEcomFront\NathanIanEcomFront.njsproj", "{2FC119E1-5422-4D7A-A28C-9906FA68AAF4}"
EndProject
Global
	GlobalSection(SolutionConfigurationPlatforms) = preSolution
		Debug|Any CPU = Debug|Any CPU
		Release|Any CPU = Release|Any CPU
	EndGlobalSection
	GlobalSection(ProjectConfigurationPlatforms) = postSolution
		{DD5FA2D6-52F0-4EBB-B538-CB27A5DBB49B}.Debug|Any CPU.ActiveCfg = Debug|Any CPU
		{DD5FA2D6-52F0-4EBB-B538-CB27A5DBB49B}.Debug|Any CPU.Build.0 = Debug|Any CPU
		{DD5FA2D6-52F0-4EBB-B538-CB27A5DBB49B}.Release|Any CPU.ActiveCfg = Release|Any CPU
		{DD5FA2D6-52F0-4EBB-B538-CB27A5DBB49B}.Release|Any CPU.Build.0 = Release|Any CPU
		{2FC119E1-5422-4D7A-A28C-9906FA68AAF4}.Debug|Any CPU.ActiveCfg = Debug|Any CPU
		{2FC119E1-5422-4D7A-A28C-9906FA68AAF4}.Debug|Any CPU.Build.0 = Debug|Any CPU
		{2FC119E1-5422-4D7A-A28C-9906FA68AAF4}.Release|Any CPU.ActiveCfg = Release|Any CPU
		{2FC119E1-5422-4D7A-A28C-9906FA68AAF4}.Release|Any CPU.Build.0 = Release|Any CPU
	EndGlobalSection
	GlobalSection(SolutionProperties) = preSolution
		HideSolutionNode = FALSE
	EndGlobalSection
	GlobalSection(ExtensibilityGlobals) = postSolution
		SolutionGuid = {B5B28B96-A4D8-4138-BEEE-4D16B7BAE657}
	EndGlobalSection
EndGlobal
